// !$*UTF8*$!
{
	archiveVersion = 1;
	classes = {
	};
	objectVersion = 70;
	objects = {

/* Begin PBXBuildFile section */
		55063DAA28F724E6008782E1 /* AuthViewController.swift in Sources */ = {isa = PBXBuildFile; fileRef = 55063DA928F724E6008782E1 /* AuthViewController.swift */; };
		55063DAD28F72D48008782E1 /* WebViewViewController.swift in Sources */ = {isa = PBXBuildFile; fileRef = 55063DAC28F72D48008782E1 /* WebViewViewController.swift */; };
		6008E2D92DE7BBC900F1FDF3 /* UIBlockingProgressHUD.swift in Sources */ = {isa = PBXBuildFile; fileRef = 6008E2D82DE7BBC400F1FDF3 /* UIBlockingProgressHUD.swift */; };
		6008E2DB2DE7BE4B00F1FDF3 /* ProfileService.swift in Sources */ = {isa = PBXBuildFile; fileRef = 6008E2DA2DE7BE4700F1FDF3 /* ProfileService.swift */; };
		600CA7BC2E0CA35900DE99A1 /* URLSession+data.swift in Sources */ = {isa = PBXBuildFile; fileRef = 600CA7BB2E0CA35600DE99A1 /* URLSession+data.swift */; };
		6031AA202E4166F20034DEEF /* ProfilePresenter.swift in Sources */ = {isa = PBXBuildFile; fileRef = 6031AA1F2E4166EF0034DEEF /* ProfilePresenter.swift */; };
		603E5E852E3D69540016D28C /* AuthConfiguration.swift in Sources */ = {isa = PBXBuildFile; fileRef = 603E5E842E3D69520016D28C /* AuthConfiguration.swift */; };
		603E5E872E3D69E00016D28C /* AuthHelper.swift in Sources */ = {isa = PBXBuildFile; fileRef = 603E5E862E3D69DF0016D28C /* AuthHelper.swift */; };
		603E5E892E3D6A000016D28C /* WebViewPresenter.swift in Sources */ = {isa = PBXBuildFile; fileRef = 603E5E882E3D69FF0016D28C /* WebViewPresenter.swift */; };
		60436E822E2EFEB400EFD34C /* ProfileLogoutService.swift in Sources */ = {isa = PBXBuildFile; fileRef = 60436E812E2EFEB200EFD34C /* ProfileLogoutService.swift */; };
		6044319F2DD94030002B8720 /* ProgressHUD in Frameworks */ = {isa = PBXBuildFile; productRef = 6044319E2DD94030002B8720 /* ProgressHUD */; };
		60457AFA2DF788AF0078682E /* Kingfisher in Frameworks */ = {isa = PBXBuildFile; productRef = 60457AF92DF788AF0078682E /* Kingfisher */; };
		60457AFD2DF78A4B0078682E /* SwiftKeychainWrapper in Frameworks */ = {isa = PBXBuildFile; productRef = 60457AFC2DF78A4B0078682E /* SwiftKeychainWrapper */; };
		606EBEC62E44031A005090B4 /* ImagesListViewControllerProtocol.swift in Sources */ = {isa = PBXBuildFile; fileRef = 606EBEC52E440318005090B4 /* ImagesListViewControllerProtocol.swift */; };
		606EBEC82E44036E005090B4 /* ImagesListPresenter.swift in Sources */ = {isa = PBXBuildFile; fileRef = 606EBEC72E44036C005090B4 /* ImagesListPresenter.swift */; };
		606EBEE22E440691005090B4 /* ImagesListPresenterProtocol.swift in Sources */ = {isa = PBXBuildFile; fileRef = 606EBEC42E4402AF005090B4 /* ImagesListPresenterProtocol.swift */; };
		606EBEE32E440699005090B4 /* ImagesListPresenterProtocol.swift in Sources */ = {isa = PBXBuildFile; fileRef = 606EBEC42E4402AF005090B4 /* ImagesListPresenterProtocol.swift */; };
		607296022E43B87700B9BE31 /* ProfilePresenterSpy.swift in Sources */ = {isa = PBXBuildFile; fileRef = 60EA38C02E4343EE00C1DFA4 /* ProfilePresenterSpy.swift */; };
		6075EA692E44159D00D3F432 /* ImagesListViewController.swift in Sources */ = {isa = PBXBuildFile; fileRef = 6075EA682E44159A00D3F432 /* ImagesListViewController.swift */; };
		6075EA6A2E4415B100D3F432 /* ImagesListViewController.swift in Sources */ = {isa = PBXBuildFile; fileRef = 6075EA682E44159A00D3F432 /* ImagesListViewController.swift */; };
		6095FD9F2DEA5C25007A3BEE /* ProfileImageService.swift in Sources */ = {isa = PBXBuildFile; fileRef = 6095FD9E2DEA5C21007A3BEE /* ProfileImageService.swift */; };
		6099B0C12E457D1400086BAB /* TabBarController.swift in Sources */ = {isa = PBXBuildFile; fileRef = 6099B0C02E457D1300086BAB /* TabBarController.swift */; };
		60BC1CBA2E1494F5001A6CE7 /* PhotoResult.swift in Sources */ = {isa = PBXBuildFile; fileRef = 60BC1CB92E1494F2001A6CE7 /* PhotoResult.swift */; };
		60BC1CBC2E14950C001A6CE7 /* Photo.swift in Sources */ = {isa = PBXBuildFile; fileRef = 60BC1CBB2E14950B001A6CE7 /* Photo.swift */; };
		60BC1CBE2E149531001A6CE7 /* ImagesListService.swift in Sources */ = {isa = PBXBuildFile; fileRef = 60BC1CBD2E149530001A6CE7 /* ImagesListService.swift */; };
		60BC1CC02E14987F001A6CE7 /* Kingfisher in Frameworks */ = {isa = PBXBuildFile; productRef = 60BC1CBF2E14987F001A6CE7 /* Kingfisher */; };
		60BECC6E2DDE30D40060FE23 /* WebKit.framework in Frameworks */ = {isa = PBXBuildFile; fileRef = 60BECC6D2DDE30D40060FE23 /* WebKit.framework */; };
		7D3DFB1528DDF696005A13F3 /* ImagesListCell.swift in Sources */ = {isa = PBXBuildFile; fileRef = 7D3DFB1328DDF696005A13F3 /* ImagesListCell.swift */; };
		7D9CFA4328DDEE7F00D971A7 /* AppDelegate.swift in Sources */ = {isa = PBXBuildFile; fileRef = 7D9CFA4228DDEE7F00D971A7 /* AppDelegate.swift */; };
		7D9CFA4528DDEE7F00D971A7 /* SceneDelegate.swift in Sources */ = {isa = PBXBuildFile; fileRef = 7D9CFA4428DDEE7F00D971A7 /* SceneDelegate.swift */; };
		7D9CFA4A28DDEE7F00D971A7 /* Main.storyboard in Resources */ = {isa = PBXBuildFile; fileRef = 7D9CFA4828DDEE7F00D971A7 /* Main.storyboard */; };
		7D9CFA4C28DDEE8000D971A7 /* Assets.xcassets in Resources */ = {isa = PBXBuildFile; fileRef = 7D9CFA4B28DDEE8000D971A7 /* Assets.xcassets */; };
		7D9CFA4F28DDEE8000D971A7 /* LaunchScreen.storyboard in Resources */ = {isa = PBXBuildFile; fileRef = 7D9CFA4D28DDEE8000D971A7 /* LaunchScreen.storyboard */; };
		8F83109D28E459BD00BA471F /* ProfileViewController.swift in Sources */ = {isa = PBXBuildFile; fileRef = 8F83109C28E459BD00BA471F /* ProfileViewController.swift */; };
		8F8310A028E4D0C300BA471F /* SingleImageViewController.swift in Sources */ = {isa = PBXBuildFile; fileRef = 8F83109F28E4D0C300BA471F /* SingleImageViewController.swift */; };
		8FB291B52902C12000A53129 /* Constants.swift in Sources */ = {isa = PBXBuildFile; fileRef = 8FB291B42902C12000A53129 /* Constants.swift */; };
		8FB291B92902DA2100A53129 /* OAuth2Service.swift in Sources */ = {isa = PBXBuildFile; fileRef = 8FB291B82902DA2100A53129 /* OAuth2Service.swift */; };
		8FB291BB2902DA4C00A53129 /* OAuth2TokenStorage.swift in Sources */ = {isa = PBXBuildFile; fileRef = 8FB291BA2902DA4C00A53129 /* OAuth2TokenStorage.swift */; };
		8FB291BE2902DAB100A53129 /* SplashViewController.swift in Sources */ = {isa = PBXBuildFile; fileRef = 8FB291BD2902DAB100A53129 /* SplashViewController.swift */; };
/* End PBXBuildFile section */

/* Begin PBXContainerItemProxy section */
		6031AA312E4172710034DEEF /* PBXContainerItemProxy */ = {
			isa = PBXContainerItemProxy;
			containerPortal = 7D9CFA3728DDEE7F00D971A7 /* Project object */;
			proxyType = 1;
			remoteGlobalIDString = 7D9CFA3E28DDEE7F00D971A7;
			remoteInfo = "Image Feed";
		};
		603E5E922E3D6F950016D28C /* PBXContainerItemProxy */ = {
			isa = PBXContainerItemProxy;
			containerPortal = 7D9CFA3728DDEE7F00D971A7 /* Project object */;
			proxyType = 1;
			remoteGlobalIDString = 7D9CFA3E28DDEE7F00D971A7;
			remoteInfo = "Image Feed";
		};
		606EBED12E4404F3005090B4 /* PBXContainerItemProxy */ = {
			isa = PBXContainerItemProxy;
			containerPortal = 7D9CFA3728DDEE7F00D971A7 /* Project object */;
			proxyType = 1;
			remoteGlobalIDString = 7D9CFA3E28DDEE7F00D971A7;
			remoteInfo = "Image Feed";
		};
		6072960C2E43B96D00B9BE31 /* PBXContainerItemProxy */ = {
			isa = PBXContainerItemProxy;
			containerPortal = 7D9CFA3728DDEE7F00D971A7 /* Project object */;
			proxyType = 1;
			remoteGlobalIDString = 7D9CFA3E28DDEE7F00D971A7;
			remoteInfo = "Image Feed";
		};
/* End PBXContainerItemProxy section */

/* Begin PBXFileReference section */
		55063DA928F724E6008782E1 /* AuthViewController.swift */ = {isa = PBXFileReference; lastKnownFileType = sourcecode.swift; path = AuthViewController.swift; sourceTree = "<group>"; };
		55063DAC28F72D48008782E1 /* WebViewViewController.swift */ = {isa = PBXFileReference; lastKnownFileType = sourcecode.swift; path = WebViewViewController.swift; sourceTree = "<group>"; };
		6008E2D82DE7BBC400F1FDF3 /* UIBlockingProgressHUD.swift */ = {isa = PBXFileReference; lastKnownFileType = sourcecode.swift; path = UIBlockingProgressHUD.swift; sourceTree = "<group>"; };
		6008E2DA2DE7BE4700F1FDF3 /* ProfileService.swift */ = {isa = PBXFileReference; lastKnownFileType = sourcecode.swift; path = ProfileService.swift; sourceTree = "<group>"; };
		600CA7BB2E0CA35600DE99A1 /* URLSession+data.swift */ = {isa = PBXFileReference; lastKnownFileType = sourcecode.swift; path = "URLSession+data.swift"; sourceTree = "<group>"; };
		6031AA1F2E4166EF0034DEEF /* ProfilePresenter.swift */ = {isa = PBXFileReference; lastKnownFileType = sourcecode.swift; path = ProfilePresenter.swift; sourceTree = "<group>"; };
		6031AA2B2E4172710034DEEF /* Image FeedUITests.xctest */ = {isa = PBXFileReference; explicitFileType = wrapper.cfbundle; includeInIndex = 0; path = "Image FeedUITests.xctest"; sourceTree = BUILT_PRODUCTS_DIR; };
		603E5E842E3D69520016D28C /* AuthConfiguration.swift */ = {isa = PBXFileReference; lastKnownFileType = sourcecode.swift; path = AuthConfiguration.swift; sourceTree = "<group>"; };
		603E5E862E3D69DF0016D28C /* AuthHelper.swift */ = {isa = PBXFileReference; lastKnownFileType = sourcecode.swift; path = AuthHelper.swift; sourceTree = "<group>"; };
		603E5E882E3D69FF0016D28C /* WebViewPresenter.swift */ = {isa = PBXFileReference; lastKnownFileType = sourcecode.swift; path = WebViewPresenter.swift; sourceTree = "<group>"; };
		603E5E8E2E3D6F950016D28C /* Image FeedTests.xctest */ = {isa = PBXFileReference; explicitFileType = wrapper.cfbundle; includeInIndex = 0; path = "Image FeedTests.xctest"; sourceTree = BUILT_PRODUCTS_DIR; };
		60436E812E2EFEB200EFD34C /* ProfileLogoutService.swift */ = {isa = PBXFileReference; lastKnownFileType = sourcecode.swift; path = ProfileLogoutService.swift; sourceTree = "<group>"; };
		606EBEC42E4402AF005090B4 /* ImagesListPresenterProtocol.swift */ = {isa = PBXFileReference; lastKnownFileType = sourcecode.swift; path = ImagesListPresenterProtocol.swift; sourceTree = "<group>"; };
		606EBEC52E440318005090B4 /* ImagesListViewControllerProtocol.swift */ = {isa = PBXFileReference; lastKnownFileType = sourcecode.swift; path = ImagesListViewControllerProtocol.swift; sourceTree = "<group>"; };
		606EBEC72E44036C005090B4 /* ImagesListPresenter.swift */ = {isa = PBXFileReference; lastKnownFileType = sourcecode.swift; path = ImagesListPresenter.swift; sourceTree = "<group>"; };
		606EBECD2E4404F3005090B4 /* ImagesListViewTest.xctest */ = {isa = PBXFileReference; explicitFileType = wrapper.cfbundle; includeInIndex = 0; path = ImagesListViewTest.xctest; sourceTree = BUILT_PRODUCTS_DIR; };
		607296082E43B96D00B9BE31 /* Image FeedTests P.xctest */ = {isa = PBXFileReference; explicitFileType = wrapper.cfbundle; includeInIndex = 0; path = "Image FeedTests P.xctest"; sourceTree = BUILT_PRODUCTS_DIR; };
		6075EA682E44159A00D3F432 /* ImagesListViewController.swift */ = {isa = PBXFileReference; lastKnownFileType = sourcecode.swift; path = ImagesListViewController.swift; sourceTree = "<group>"; };
		6095FD9E2DEA5C21007A3BEE /* ProfileImageService.swift */ = {isa = PBXFileReference; lastKnownFileType = sourcecode.swift; path = ProfileImageService.swift; sourceTree = "<group>"; };
		6099B0C02E457D1300086BAB /* TabBarController.swift */ = {isa = PBXFileReference; lastKnownFileType = sourcecode.swift; path = TabBarController.swift; sourceTree = "<group>"; };
		60BC1CB92E1494F2001A6CE7 /* PhotoResult.swift */ = {isa = PBXFileReference; lastKnownFileType = sourcecode.swift; path = PhotoResult.swift; sourceTree = "<group>"; };
		60BC1CBB2E14950B001A6CE7 /* Photo.swift */ = {isa = PBXFileReference; lastKnownFileType = sourcecode.swift; path = Photo.swift; sourceTree = "<group>"; };
		60BC1CBD2E149530001A6CE7 /* ImagesListService.swift */ = {isa = PBXFileReference; lastKnownFileType = sourcecode.swift; path = ImagesListService.swift; sourceTree = "<group>"; };
		60BECC6D2DDE30D40060FE23 /* WebKit.framework */ = {isa = PBXFileReference; lastKnownFileType = wrapper.framework; name = WebKit.framework; path = System/Library/Frameworks/WebKit.framework; sourceTree = SDKROOT; };
		60EA38C02E4343EE00C1DFA4 /* ProfilePresenterSpy.swift */ = {isa = PBXFileReference; lastKnownFileType = sourcecode.swift; path = ProfilePresenterSpy.swift; sourceTree = "<group>"; };
		7D3DFB1328DDF696005A13F3 /* ImagesListCell.swift */ = {isa = PBXFileReference; fileEncoding = 4; lastKnownFileType = sourcecode.swift; path = ImagesListCell.swift; sourceTree = "<group>"; };
		7D9CFA3F28DDEE7F00D971A7 /* Image Feed.app */ = {isa = PBXFileReference; explicitFileType = wrapper.application; includeInIndex = 0; path = "Image Feed.app"; sourceTree = BUILT_PRODUCTS_DIR; };
		7D9CFA4228DDEE7F00D971A7 /* AppDelegate.swift */ = {isa = PBXFileReference; lastKnownFileType = sourcecode.swift; path = AppDelegate.swift; sourceTree = "<group>"; };
		7D9CFA4428DDEE7F00D971A7 /* SceneDelegate.swift */ = {isa = PBXFileReference; lastKnownFileType = sourcecode.swift; path = SceneDelegate.swift; sourceTree = "<group>"; };
		7D9CFA4928DDEE7F00D971A7 /* Base */ = {isa = PBXFileReference; lastKnownFileType = file.storyboard; name = Base; path = Base.lproj/Main.storyboard; sourceTree = "<group>"; };
		7D9CFA4B28DDEE8000D971A7 /* Assets.xcassets */ = {isa = PBXFileReference; lastKnownFileType = folder.assetcatalog; path = Assets.xcassets; sourceTree = "<group>"; };
		7D9CFA4E28DDEE8000D971A7 /* Base */ = {isa = PBXFileReference; lastKnownFileType = file.storyboard; name = Base; path = Base.lproj/LaunchScreen.storyboard; sourceTree = "<group>"; };
		7D9CFA5028DDEE8000D971A7 /* Info.plist */ = {isa = PBXFileReference; lastKnownFileType = text.plist.xml; path = Info.plist; sourceTree = "<group>"; };
		8F83109C28E459BD00BA471F /* ProfileViewController.swift */ = {isa = PBXFileReference; lastKnownFileType = sourcecode.swift; path = ProfileViewController.swift; sourceTree = "<group>"; };
		8F83109F28E4D0C300BA471F /* SingleImageViewController.swift */ = {isa = PBXFileReference; lastKnownFileType = sourcecode.swift; path = SingleImageViewController.swift; sourceTree = "<group>"; };
		8FB291B42902C12000A53129 /* Constants.swift */ = {isa = PBXFileReference; lastKnownFileType = sourcecode.swift; path = Constants.swift; sourceTree = "<group>"; };
		8FB291B82902DA2100A53129 /* OAuth2Service.swift */ = {isa = PBXFileReference; lastKnownFileType = sourcecode.swift; path = OAuth2Service.swift; sourceTree = "<group>"; };
		8FB291BA2902DA4C00A53129 /* OAuth2TokenStorage.swift */ = {isa = PBXFileReference; lastKnownFileType = sourcecode.swift; path = OAuth2TokenStorage.swift; sourceTree = "<group>"; };
		8FB291BD2902DAB100A53129 /* SplashViewController.swift */ = {isa = PBXFileReference; lastKnownFileType = sourcecode.swift; path = SplashViewController.swift; sourceTree = "<group>"; };
/* End PBXFileReference section */

/* Begin PBXFileSystemSynchronizedBuildFileExceptionSet section */
		606EBED62E4404FB005090B4 /* PBXFileSystemSynchronizedBuildFileExceptionSet */ = {
			isa = PBXFileSystemSynchronizedBuildFileExceptionSet;
			membershipExceptions = (
				ImagesListPresenterSpy.swift,
				ImagesListViewControllerTests.swift,
			);
			target = 603E5E8D2E3D6F950016D28C /* Image FeedTests */;
		};
		606EBED72E4404FB005090B4 /* PBXFileSystemSynchronizedBuildFileExceptionSet */ = {
			isa = PBXFileSystemSynchronizedBuildFileExceptionSet;
			membershipExceptions = (
				ImagesListPresenterSpy.swift,
				ImagesListViewControllerTests.swift,
			);
			target = 606EBECC2E4404F3005090B4 /* ImagesListViewTest */;
		};
		607296112E43B99700B9BE31 /* PBXFileSystemSynchronizedBuildFileExceptionSet */ = {
			isa = PBXFileSystemSynchronizedBuildFileExceptionSet;
			membershipExceptions = (
				ProfileTest.swift,
			);
			target = 603E5E8D2E3D6F950016D28C /* Image FeedTests */;
		};
		607296122E43B99700B9BE31 /* PBXFileSystemSynchronizedBuildFileExceptionSet */ = {
			isa = PBXFileSystemSynchronizedBuildFileExceptionSet;
			membershipExceptions = (
				ProfileTest.swift,
			);
			target = 607296072E43B96D00B9BE31 /* Image FeedTests P */;
		};
/* End PBXFileSystemSynchronizedBuildFileExceptionSet section */

/* Begin PBXFileSystemSynchronizedRootGroup section */
		6031AA2C2E4172710034DEEF /* Image FeedUITests */ = {isa = PBXFileSystemSynchronizedRootGroup; explicitFileTypes = {}; explicitFolders = (); path = "Image FeedUITests"; sourceTree = "<group>"; };
		603E5E8F2E3D6F950016D28C /* WebViewTests */ = {isa = PBXFileSystemSynchronizedRootGroup; explicitFileTypes = {}; explicitFolders = (); path = WebViewTests; sourceTree = "<group>"; };
		606EBECE2E4404F3005090B4 /* ImagesListViewTest */ = {isa = PBXFileSystemSynchronizedRootGroup; exceptions = (606EBED62E4404FB005090B4 /* PBXFileSystemSynchronizedBuildFileExceptionSet */, 606EBED72E4404FB005090B4 /* PBXFileSystemSynchronizedBuildFileExceptionSet */, ); explicitFileTypes = {}; explicitFolders = (); path = ImagesListViewTest; sourceTree = "<group>"; };
		607296092E43B96D00B9BE31 /* Image FeedTests P */ = {isa = PBXFileSystemSynchronizedRootGroup; exceptions = (607296112E43B99700B9BE31 /* PBXFileSystemSynchronizedBuildFileExceptionSet */, 607296122E43B99700B9BE31 /* PBXFileSystemSynchronizedBuildFileExceptionSet */, ); explicitFileTypes = {}; explicitFolders = (); path = "Image FeedTests P"; sourceTree = "<group>"; };
/* End PBXFileSystemSynchronizedRootGroup section */

/* Begin PBXFrameworksBuildPhase section */
		6031AA282E4172710034DEEF /* Frameworks */ = {
			isa = PBXFrameworksBuildPhase;
			buildActionMask = 2147483647;
			files = (
			);
			runOnlyForDeploymentPostprocessing = 0;
		};
		603E5E8B2E3D6F950016D28C /* Frameworks */ = {
			isa = PBXFrameworksBuildPhase;
			buildActionMask = 2147483647;
			files = (
			);
			runOnlyForDeploymentPostprocessing = 0;
		};
		606EBECA2E4404F3005090B4 /* Frameworks */ = {
			isa = PBXFrameworksBuildPhase;
			buildActionMask = 2147483647;
			files = (
			);
			runOnlyForDeploymentPostprocessing = 0;
		};
		607296052E43B96D00B9BE31 /* Frameworks */ = {
			isa = PBXFrameworksBuildPhase;
			buildActionMask = 2147483647;
			files = (
			);
			runOnlyForDeploymentPostprocessing = 0;
		};
		7D9CFA3C28DDEE7F00D971A7 /* Frameworks */ = {
			isa = PBXFrameworksBuildPhase;
			buildActionMask = 2147483647;
			files = (
				60457AFA2DF788AF0078682E /* Kingfisher in Frameworks */,
				60BECC6E2DDE30D40060FE23 /* WebKit.framework in Frameworks */,
				60457AFD2DF78A4B0078682E /* SwiftKeychainWrapper in Frameworks */,
				6044319F2DD94030002B8720 /* ProgressHUD in Frameworks */,
				60BC1CC02E14987F001A6CE7 /* Kingfisher in Frameworks */,
			);
			runOnlyForDeploymentPostprocessing = 0;
		};
/* End PBXFrameworksBuildPhase section */

/* Begin PBXGroup section */
		55063DAB28F724ED008782E1 /* Auth */ = {
			isa = PBXGroup;
			children = (
				55063DA928F724E6008782E1 /* AuthViewController.swift */,
				55063DAC28F72D48008782E1 /* WebViewViewController.swift */,
			);
			path = Auth;
			sourceTree = "<group>";
		};
		60BECC6C2DDE30D40060FE23 /* Frameworks */ = {
			isa = PBXGroup;
			children = (
				60BECC6D2DDE30D40060FE23 /* WebKit.framework */,
			);
			name = Frameworks;
			sourceTree = "<group>";
		};
		7D9CFA3628DDEE7F00D971A7 = {
			isa = PBXGroup;
			children = (
				7D9CFA4128DDEE7F00D971A7 /* Image Feed */,
				603E5E8F2E3D6F950016D28C /* WebViewTests */,
				6031AA2C2E4172710034DEEF /* Image FeedUITests */,
				607296092E43B96D00B9BE31 /* Image FeedTests P */,
				606EBECE2E4404F3005090B4 /* ImagesListViewTest */,
				60BECC6C2DDE30D40060FE23 /* Frameworks */,
				7D9CFA4028DDEE7F00D971A7 /* Products */,
			);
			sourceTree = "<group>";
		};
		7D9CFA4028DDEE7F00D971A7 /* Products */ = {
			isa = PBXGroup;
			children = (
				7D9CFA3F28DDEE7F00D971A7 /* Image Feed.app */,
				603E5E8E2E3D6F950016D28C /* Image FeedTests.xctest */,
				6031AA2B2E4172710034DEEF /* Image FeedUITests.xctest */,
				607296082E43B96D00B9BE31 /* Image FeedTests P.xctest */,
				606EBECD2E4404F3005090B4 /* ImagesListViewTest.xctest */,
			);
			name = Products;
			sourceTree = "<group>";
		};
		7D9CFA4128DDEE7F00D971A7 /* Image Feed */ = {
			isa = PBXGroup;
			children = (
				6008E2DA2DE7BE4700F1FDF3 /* ProfileService.swift */,
				603E5E842E3D69520016D28C /* AuthConfiguration.swift */,
				603E5E862E3D69DF0016D28C /* AuthHelper.swift */,
				603E5E882E3D69FF0016D28C /* WebViewPresenter.swift */,
				7D9CFA4228DDEE7F00D971A7 /* AppDelegate.swift */,
				6095FD9E2DEA5C21007A3BEE /* ProfileImageService.swift */,
				60BC1CB92E1494F2001A6CE7 /* PhotoResult.swift */,
				60BC1CBB2E14950B001A6CE7 /* Photo.swift */,
				6099B0C02E457D1300086BAB /* TabBarController.swift */,
				6008E2D82DE7BBC400F1FDF3 /* UIBlockingProgressHUD.swift */,
				7D9CFA4428DDEE7F00D971A7 /* SceneDelegate.swift */,
				8FB291B42902C12000A53129 /* Constants.swift */,
				60436E812E2EFEB200EFD34C /* ProfileLogoutService.swift */,
				600CA7BB2E0CA35600DE99A1 /* URLSession+data.swift */,
				8FB291B62902DA0000A53129 /* ServiceAccessLayer */,
				8FB291BC2902DAA200A53129 /* SplashViewController */,
				55063DAB28F724ED008782E1 /* Auth */,
				8F83109B28E459A800BA471F /* Profile */,
				7D9CFA5A28DDF66900D971A7 /* ImagesList */,
				8F83109E28E4D09B00BA471F /* SingleImageView */,
				7D9CFA4828DDEE7F00D971A7 /* Main.storyboard */,
				7D9CFA4B28DDEE8000D971A7 /* Assets.xcassets */,
				7D9CFA4D28DDEE8000D971A7 /* LaunchScreen.storyboard */,
				7D9CFA5028DDEE8000D971A7 /* Info.plist */,
			);
			path = "Image Feed";
			sourceTree = "<group>";
		};
		7D9CFA5A28DDF66900D971A7 /* ImagesList */ = {
			isa = PBXGroup;
			children = (
				6075EA682E44159A00D3F432 /* ImagesListViewController.swift */,
				7D3DFB1328DDF696005A13F3 /* ImagesListCell.swift */,
				60BC1CBD2E149530001A6CE7 /* ImagesListService.swift */,
				606EBEC42E4402AF005090B4 /* ImagesListPresenterProtocol.swift */,
				606EBEC72E44036C005090B4 /* ImagesListPresenter.swift */,
				606EBEC52E440318005090B4 /* ImagesListViewControllerProtocol.swift */,
			);
			path = ImagesList;
			sourceTree = "<group>";
		};
		8F83109B28E459A800BA471F /* Profile */ = {
			isa = PBXGroup;
			children = (
				8F83109C28E459BD00BA471F /* ProfileViewController.swift */,
				6031AA1F2E4166EF0034DEEF /* ProfilePresenter.swift */,
				60EA38C02E4343EE00C1DFA4 /* ProfilePresenterSpy.swift */,
			);
			path = Profile;
			sourceTree = "<group>";
		};
		8F83109E28E4D09B00BA471F /* SingleImageView */ = {
			isa = PBXGroup;
			children = (
				8F83109F28E4D0C300BA471F /* SingleImageViewController.swift */,
			);
			path = SingleImageView;
			sourceTree = "<group>";
		};
		8FB291B62902DA0000A53129 /* ServiceAccessLayer */ = {
			isa = PBXGroup;
			children = (
				8FB291B72902DA0E00A53129 /* OAuth2 */,
			);
			path = ServiceAccessLayer;
			sourceTree = "<group>";
		};
		8FB291B72902DA0E00A53129 /* OAuth2 */ = {
			isa = PBXGroup;
			children = (
				8FB291B82902DA2100A53129 /* OAuth2Service.swift */,
				8FB291BA2902DA4C00A53129 /* OAuth2TokenStorage.swift */,
			);
			path = OAuth2;
			sourceTree = "<group>";
		};
		8FB291BC2902DAA200A53129 /* SplashViewController */ = {
			isa = PBXGroup;
			children = (
				8FB291BD2902DAB100A53129 /* SplashViewController.swift */,
			);
			path = SplashViewController;
			sourceTree = "<group>";
		};
/* End PBXGroup section */

/* Begin PBXNativeTarget section */
		6031AA2A2E4172710034DEEF /* Image FeedUITests */ = {
			isa = PBXNativeTarget;
			buildConfigurationList = 6031AA332E4172710034DEEF /* Build configuration list for PBXNativeTarget "Image FeedUITests" */;
			buildPhases = (
				6031AA272E4172710034DEEF /* Sources */,
				6031AA282E4172710034DEEF /* Frameworks */,
				6031AA292E4172710034DEEF /* Resources */,
			);
			buildRules = (
			);
			dependencies = (
				6031AA322E4172710034DEEF /* PBXTargetDependency */,
			);
			fileSystemSynchronizedGroups = (
				6031AA2C2E4172710034DEEF /* Image FeedUITests */,
			);
			name = "Image FeedUITests";
			packageProductDependencies = (
			);
			productName = "Image FeedUITests";
			productReference = 6031AA2B2E4172710034DEEF /* Image FeedUITests.xctest */;
			productType = "com.apple.product-type.bundle.ui-testing";
		};
		603E5E8D2E3D6F950016D28C /* Image FeedTests */ = {
			isa = PBXNativeTarget;
			buildConfigurationList = 603E5E942E3D6F950016D28C /* Build configuration list for PBXNativeTarget "Image FeedTests" */;
			buildPhases = (
				603E5E8A2E3D6F950016D28C /* Sources */,
				603E5E8B2E3D6F950016D28C /* Frameworks */,
				603E5E8C2E3D6F950016D28C /* Resources */,
			);
			buildRules = (
			);
			dependencies = (
				603E5E932E3D6F950016D28C /* PBXTargetDependency */,
			);
			fileSystemSynchronizedGroups = (
				603E5E8F2E3D6F950016D28C /* WebViewTests */,
			);
			name = "Image FeedTests";
			packageProductDependencies = (
			);
			productName = "Image FeedTests";
			productReference = 603E5E8E2E3D6F950016D28C /* Image FeedTests.xctest */;
			productType = "com.apple.product-type.bundle.unit-test";
		};
		606EBECC2E4404F3005090B4 /* ImagesListViewTest */ = {
			isa = PBXNativeTarget;
			buildConfigurationList = 606EBED32E4404F3005090B4 /* Build configuration list for PBXNativeTarget "ImagesListViewTest" */;
			buildPhases = (
				606EBEC92E4404F3005090B4 /* Sources */,
				606EBECA2E4404F3005090B4 /* Frameworks */,
				606EBECB2E4404F3005090B4 /* Resources */,
			);
			buildRules = (
			);
			dependencies = (
				606EBED22E4404F3005090B4 /* PBXTargetDependency */,
			);
			fileSystemSynchronizedGroups = (
				606EBECE2E4404F3005090B4 /* ImagesListViewTest */,
			);
			name = ImagesListViewTest;
			packageProductDependencies = (
			);
			productName = ImagesListViewTest;
			productReference = 606EBECD2E4404F3005090B4 /* ImagesListViewTest.xctest */;
			productType = "com.apple.product-type.bundle.unit-test";
		};
		607296072E43B96D00B9BE31 /* Image FeedTests P */ = {
			isa = PBXNativeTarget;
			buildConfigurationList = 6072960E2E43B96D00B9BE31 /* Build configuration list for PBXNativeTarget "Image FeedTests P" */;
			buildPhases = (
				607296042E43B96D00B9BE31 /* Sources */,
				607296052E43B96D00B9BE31 /* Frameworks */,
				607296062E43B96D00B9BE31 /* Resources */,
			);
			buildRules = (
			);
			dependencies = (
				6072960D2E43B96D00B9BE31 /* PBXTargetDependency */,
			);
			fileSystemSynchronizedGroups = (
				607296092E43B96D00B9BE31 /* Image FeedTests P */,
			);
			name = "Image FeedTests P";
			packageProductDependencies = (
			);
			productName = "Image FeedTests P";
			productReference = 607296082E43B96D00B9BE31 /* Image FeedTests P.xctest */;
			productType = "com.apple.product-type.bundle.unit-test";
		};
		7D9CFA3E28DDEE7F00D971A7 /* Image Feed */ = {
			isa = PBXNativeTarget;
			buildConfigurationList = 7D9CFA5328DDEE8000D971A7 /* Build configuration list for PBXNativeTarget "Image Feed" */;
			buildPhases = (
				7D9CFA3B28DDEE7F00D971A7 /* Sources */,
				7D9CFA3C28DDEE7F00D971A7 /* Frameworks */,
				7D9CFA3D28DDEE7F00D971A7 /* Resources */,
			);
			buildRules = (
			);
			dependencies = (
			);
			name = "Image Feed";
			productName = "Image Feed";
			productReference = 7D9CFA3F28DDEE7F00D971A7 /* Image Feed.app */;
			productType = "com.apple.product-type.application";
		};
/* End PBXNativeTarget section */

/* Begin PBXProject section */
		7D9CFA3728DDEE7F00D971A7 /* Project object */ = {
			isa = PBXProject;
			attributes = {
				BuildIndependentTargetsInParallel = 1;
				LastSwiftUpdateCheck = 1620;
				LastUpgradeCheck = 1340;
				TargetAttributes = {
					6031AA2A2E4172710034DEEF = {
						CreatedOnToolsVersion = 16.2;
						TestTargetID = 7D9CFA3E28DDEE7F00D971A7;
					};
					603E5E8D2E3D6F950016D28C = {
						CreatedOnToolsVersion = 16.2;
						TestTargetID = 7D9CFA3E28DDEE7F00D971A7;
					};
					606EBECC2E4404F3005090B4 = {
						CreatedOnToolsVersion = 16.2;
						TestTargetID = 7D9CFA3E28DDEE7F00D971A7;
					};
					607296072E43B96D00B9BE31 = {
						CreatedOnToolsVersion = 16.2;
						TestTargetID = 7D9CFA3E28DDEE7F00D971A7;
					};
					7D9CFA3E28DDEE7F00D971A7 = {
						CreatedOnToolsVersion = 13.4.1;
					};
				};
			};
			buildConfigurationList = 7D9CFA3A28DDEE7F00D971A7 /* Build configuration list for PBXProject "Image Feed" */;
			compatibilityVersion = "Xcode 13.0";
			developmentRegion = en;
			hasScannedForEncodings = 0;
			knownRegions = (
				en,
				Base,
			);
			mainGroup = 7D9CFA3628DDEE7F00D971A7;
			packageReferences = (
				6044319D2DD94030002B8720 /* XCRemoteSwiftPackageReference "ProgressHUD" */,
				60457AF82DF788AF0078682E /* XCRemoteSwiftPackageReference "Kingfisher" */,
				60457AFB2DF78A4B0078682E /* XCRemoteSwiftPackageReference "SwiftKeychainWrapper" */,
			);
			productRefGroup = 7D9CFA4028DDEE7F00D971A7 /* Products */;
			projectDirPath = "";
			projectRoot = "";
			targets = (
				7D9CFA3E28DDEE7F00D971A7 /* Image Feed */,
				603E5E8D2E3D6F950016D28C /* Image FeedTests */,
				6031AA2A2E4172710034DEEF /* Image FeedUITests */,
				607296072E43B96D00B9BE31 /* Image FeedTests P */,
				606EBECC2E4404F3005090B4 /* ImagesListViewTest */,
			);
		};
/* End PBXProject section */

/* Begin PBXResourcesBuildPhase section */
		6031AA292E4172710034DEEF /* Resources */ = {
			isa = PBXResourcesBuildPhase;
			buildActionMask = 2147483647;
			files = (
			);
			runOnlyForDeploymentPostprocessing = 0;
		};
		603E5E8C2E3D6F950016D28C /* Resources */ = {
			isa = PBXResourcesBuildPhase;
			buildActionMask = 2147483647;
			files = (
			);
			runOnlyForDeploymentPostprocessing = 0;
		};
		606EBECB2E4404F3005090B4 /* Resources */ = {
			isa = PBXResourcesBuildPhase;
			buildActionMask = 2147483647;
			files = (
			);
			runOnlyForDeploymentPostprocessing = 0;
		};
		607296062E43B96D00B9BE31 /* Resources */ = {
			isa = PBXResourcesBuildPhase;
			buildActionMask = 2147483647;
			files = (
			);
			runOnlyForDeploymentPostprocessing = 0;
		};
		7D9CFA3D28DDEE7F00D971A7 /* Resources */ = {
			isa = PBXResourcesBuildPhase;
			buildActionMask = 2147483647;
			files = (
				7D9CFA4F28DDEE8000D971A7 /* LaunchScreen.storyboard in Resources */,
				7D9CFA4C28DDEE8000D971A7 /* Assets.xcassets in Resources */,
				7D9CFA4A28DDEE7F00D971A7 /* Main.storyboard in Resources */,
			);
			runOnlyForDeploymentPostprocessing = 0;
		};
/* End PBXResourcesBuildPhase section */

/* Begin PBXSourcesBuildPhase section */
		6031AA272E4172710034DEEF /* Sources */ = {
			isa = PBXSourcesBuildPhase;
			buildActionMask = 2147483647;
			files = (
			);
			runOnlyForDeploymentPostprocessing = 0;
		};
		603E5E8A2E3D6F950016D28C /* Sources */ = {
			isa = PBXSourcesBuildPhase;
			buildActionMask = 2147483647;
			files = (
				6075EA692E44159D00D3F432 /* ImagesListViewController.swift in Sources */,
				607296022E43B87700B9BE31 /* ProfilePresenterSpy.swift in Sources */,
				606EBEE22E440691005090B4 /* ImagesListPresenterProtocol.swift in Sources */,
			);
			runOnlyForDeploymentPostprocessing = 0;
		};
		606EBEC92E4404F3005090B4 /* Sources */ = {
			isa = PBXSourcesBuildPhase;
			buildActionMask = 2147483647;
			files = (
			);
			runOnlyForDeploymentPostprocessing = 0;
		};
		607296042E43B96D00B9BE31 /* Sources */ = {
			isa = PBXSourcesBuildPhase;
			buildActionMask = 2147483647;
			files = (
			);
			runOnlyForDeploymentPostprocessing = 0;
		};
		7D9CFA3B28DDEE7F00D971A7 /* Sources */ = {
			isa = PBXSourcesBuildPhase;
			buildActionMask = 2147483647;
			files = (
				7D9CFA4328DDEE7F00D971A7 /* AppDelegate.swift in Sources */,
				7D9CFA4528DDEE7F00D971A7 /* SceneDelegate.swift in Sources */,
				6031AA202E4166F20034DEEF /* ProfilePresenter.swift in Sources */,
				8F83109D28E459BD00BA471F /* ProfileViewController.swift in Sources */,
				8FB291BE2902DAB100A53129 /* SplashViewController.swift in Sources */,
				603E5E892E3D6A000016D28C /* WebViewPresenter.swift in Sources */,
				55063DAA28F724E6008782E1 /* AuthViewController.swift in Sources */,
				8FB291BB2902DA4C00A53129 /* OAuth2TokenStorage.swift in Sources */,
				6008E2D92DE7BBC900F1FDF3 /* UIBlockingProgressHUD.swift in Sources */,
				6075EA6A2E4415B100D3F432 /* ImagesListViewController.swift in Sources */,
				606EBEC62E44031A005090B4 /* ImagesListViewControllerProtocol.swift in Sources */,
				603E5E872E3D69E00016D28C /* AuthHelper.swift in Sources */,
				8F8310A028E4D0C300BA471F /* SingleImageViewController.swift in Sources */,
				606EBEE32E440699005090B4 /* ImagesListPresenterProtocol.swift in Sources */,
				55063DAD28F72D48008782E1 /* WebViewViewController.swift in Sources */,
				606EBEC82E44036E005090B4 /* ImagesListPresenter.swift in Sources */,
				7D3DFB1528DDF696005A13F3 /* ImagesListCell.swift in Sources */,
				603E5E852E3D69540016D28C /* AuthConfiguration.swift in Sources */,
				60BC1CBA2E1494F5001A6CE7 /* PhotoResult.swift in Sources */,
				60BC1CBC2E14950C001A6CE7 /* Photo.swift in Sources */,
				60436E822E2EFEB400EFD34C /* ProfileLogoutService.swift in Sources */,
				8FB291B92902DA2100A53129 /* OAuth2Service.swift in Sources */,
				60BC1CBE2E149531001A6CE7 /* ImagesListService.swift in Sources */,
				600CA7BC2E0CA35900DE99A1 /* URLSession+data.swift in Sources */,
				6095FD9F2DEA5C25007A3BEE /* ProfileImageService.swift in Sources */,
				6099B0C12E457D1400086BAB /* TabBarController.swift in Sources */,
				8FB291B52902C12000A53129 /* Constants.swift in Sources */,
				6008E2DB2DE7BE4B00F1FDF3 /* ProfileService.swift in Sources */,
			);
			runOnlyForDeploymentPostprocessing = 0;
		};
/* End PBXSourcesBuildPhase section */

/* Begin PBXTargetDependency section */
		6031AA322E4172710034DEEF /* PBXTargetDependency */ = {
			isa = PBXTargetDependency;
			target = 7D9CFA3E28DDEE7F00D971A7 /* Image Feed */;
			targetProxy = 6031AA312E4172710034DEEF /* PBXContainerItemProxy */;
		};
		603E5E932E3D6F950016D28C /* PBXTargetDependency */ = {
			isa = PBXTargetDependency;
			target = 7D9CFA3E28DDEE7F00D971A7 /* Image Feed */;
			targetProxy = 603E5E922E3D6F950016D28C /* PBXContainerItemProxy */;
		};
		606EBED22E4404F3005090B4 /* PBXTargetDependency */ = {
			isa = PBXTargetDependency;
			target = 7D9CFA3E28DDEE7F00D971A7 /* Image Feed */;
			targetProxy = 606EBED12E4404F3005090B4 /* PBXContainerItemProxy */;
		};
		6072960D2E43B96D00B9BE31 /* PBXTargetDependency */ = {
			isa = PBXTargetDependency;
			target = 7D9CFA3E28DDEE7F00D971A7 /* Image Feed */;
			targetProxy = 6072960C2E43B96D00B9BE31 /* PBXContainerItemProxy */;
		};
/* End PBXTargetDependency section */

/* Begin PBXVariantGroup section */
		7D9CFA4828DDEE7F00D971A7 /* Main.storyboard */ = {
			isa = PBXVariantGroup;
			children = (
				7D9CFA4928DDEE7F00D971A7 /* Base */,
			);
			name = Main.storyboard;
			sourceTree = "<group>";
		};
		7D9CFA4D28DDEE8000D971A7 /* LaunchScreen.storyboard */ = {
			isa = PBXVariantGroup;
			children = (
				7D9CFA4E28DDEE8000D971A7 /* Base */,
			);
			name = LaunchScreen.storyboard;
			sourceTree = "<group>";
		};
/* End PBXVariantGroup section */

/* Begin XCBuildConfiguration section */
		6031AA342E4172710034DEEF /* Debug */ = {
			isa = XCBuildConfiguration;
			buildSettings = {
				ASSETCATALOG_COMPILER_GENERATE_SWIFT_ASSET_SYMBOL_EXTENSIONS = YES;
				CLANG_CXX_LANGUAGE_STANDARD = "gnu++20";
				CODE_SIGN_STYLE = Automatic;
				CURRENT_PROJECT_VERSION = 1;
				ENABLE_USER_SCRIPT_SANDBOXING = YES;
				GCC_C_LANGUAGE_STANDARD = gnu17;
				GENERATE_INFOPLIST_FILE = YES;
				IPHONEOS_DEPLOYMENT_TARGET = 18.2;
				LOCALIZATION_PREFERS_STRING_CATALOGS = YES;
				MARKETING_VERSION = 1.0;
				PRODUCT_BUNDLE_IDENTIFIER = "ru.praktikum.Image-Feed.Image-FeedUITests";
				PRODUCT_NAME = "$(TARGET_NAME)";
				SWIFT_ACTIVE_COMPILATION_CONDITIONS = "DEBUG $(inherited)";
				SWIFT_EMIT_LOC_STRINGS = NO;
				SWIFT_VERSION = 5.0;
				TARGETED_DEVICE_FAMILY = "1,2";
				TEST_TARGET_NAME = "Image Feed";
			};
			name = Debug;
		};
		6031AA352E4172710034DEEF /* Release */ = {
			isa = XCBuildConfiguration;
			buildSettings = {
				ASSETCATALOG_COMPILER_GENERATE_SWIFT_ASSET_SYMBOL_EXTENSIONS = YES;
				CLANG_CXX_LANGUAGE_STANDARD = "gnu++20";
				CODE_SIGN_STYLE = Automatic;
				CURRENT_PROJECT_VERSION = 1;
				ENABLE_USER_SCRIPT_SANDBOXING = YES;
				GCC_C_LANGUAGE_STANDARD = gnu17;
				GENERATE_INFOPLIST_FILE = YES;
				IPHONEOS_DEPLOYMENT_TARGET = 18.2;
				LOCALIZATION_PREFERS_STRING_CATALOGS = YES;
				MARKETING_VERSION = 1.0;
				PRODUCT_BUNDLE_IDENTIFIER = "ru.praktikum.Image-Feed.Image-FeedUITests";
				PRODUCT_NAME = "$(TARGET_NAME)";
				SWIFT_EMIT_LOC_STRINGS = NO;
				SWIFT_VERSION = 5.0;
				TARGETED_DEVICE_FAMILY = "1,2";
				TEST_TARGET_NAME = "Image Feed";
			};
			name = Release;
		};
		603E5E952E3D6F950016D28C /* Debug */ = {
			isa = XCBuildConfiguration;
			buildSettings = {
				ASSETCATALOG_COMPILER_GENERATE_SWIFT_ASSET_SYMBOL_EXTENSIONS = YES;
				BUNDLE_LOADER = "$(TEST_HOST)";
				CLANG_CXX_LANGUAGE_STANDARD = "gnu++20";
				CODE_SIGN_STYLE = Automatic;
				CURRENT_PROJECT_VERSION = 1;
				ENABLE_USER_SCRIPT_SANDBOXING = YES;
				GCC_C_LANGUAGE_STANDARD = gnu17;
				GENERATE_INFOPLIST_FILE = YES;
				IPHONEOS_DEPLOYMENT_TARGET = 18.2;
				LOCALIZATION_PREFERS_STRING_CATALOGS = YES;
				MARKETING_VERSION = 1.0;
				PRODUCT_BUNDLE_IDENTIFIER = "ru.praktikum.Image-Feed.Image-FeedTests";
				PRODUCT_NAME = "$(TARGET_NAME)";
				SWIFT_ACTIVE_COMPILATION_CONDITIONS = "DEBUG $(inherited)";
				SWIFT_EMIT_LOC_STRINGS = NO;
				SWIFT_VERSION = 5.0;
				TARGETED_DEVICE_FAMILY = "1,2";
				TEST_HOST = "$(BUILT_PRODUCTS_DIR)/Image Feed.app/$(BUNDLE_EXECUTABLE_FOLDER_PATH)/Image Feed";
			};
			name = Debug;
		};
		603E5E962E3D6F950016D28C /* Release */ = {
			isa = XCBuildConfiguration;
			buildSettings = {
				ASSETCATALOG_COMPILER_GENERATE_SWIFT_ASSET_SYMBOL_EXTENSIONS = YES;
				BUNDLE_LOADER = "$(TEST_HOST)";
				CLANG_CXX_LANGUAGE_STANDARD = "gnu++20";
				CODE_SIGN_STYLE = Automatic;
				CURRENT_PROJECT_VERSION = 1;
				ENABLE_USER_SCRIPT_SANDBOXING = YES;
				GCC_C_LANGUAGE_STANDARD = gnu17;
				GENERATE_INFOPLIST_FILE = YES;
				IPHONEOS_DEPLOYMENT_TARGET = 18.2;
				LOCALIZATION_PREFERS_STRING_CATALOGS = YES;
				MARKETING_VERSION = 1.0;
				PRODUCT_BUNDLE_IDENTIFIER = "ru.praktikum.Image-Feed.Image-FeedTests";
				PRODUCT_NAME = "$(TARGET_NAME)";
				SWIFT_EMIT_LOC_STRINGS = NO;
				SWIFT_VERSION = 5.0;
				TARGETED_DEVICE_FAMILY = "1,2";
				TEST_HOST = "$(BUILT_PRODUCTS_DIR)/Image Feed.app/$(BUNDLE_EXECUTABLE_FOLDER_PATH)/Image Feed";
			};
			name = Release;
		};
		606EBED42E4404F3005090B4 /* Debug */ = {
			isa = XCBuildConfiguration;
			buildSettings = {
				ASSETCATALOG_COMPILER_GENERATE_SWIFT_ASSET_SYMBOL_EXTENSIONS = YES;
				BUNDLE_LOADER = "$(TEST_HOST)";
				CLANG_CXX_LANGUAGE_STANDARD = "gnu++20";
				CODE_SIGN_STYLE = Automatic;
				CURRENT_PROJECT_VERSION = 1;
				ENABLE_USER_SCRIPT_SANDBOXING = YES;
				GCC_C_LANGUAGE_STANDARD = gnu17;
				GENERATE_INFOPLIST_FILE = YES;
				IPHONEOS_DEPLOYMENT_TARGET = 18.2;
				LOCALIZATION_PREFERS_STRING_CATALOGS = YES;
				MARKETING_VERSION = 1.0;
				PRODUCT_BUNDLE_IDENTIFIER = "ru.praktikum.Image-Feed.ImagesListViewTest";
				PRODUCT_NAME = "$(TARGET_NAME)";
				SWIFT_ACTIVE_COMPILATION_CONDITIONS = "DEBUG $(inherited)";
				SWIFT_EMIT_LOC_STRINGS = NO;
				SWIFT_VERSION = 5.0;
				TARGETED_DEVICE_FAMILY = "1,2";
				TEST_HOST = "$(BUILT_PRODUCTS_DIR)/Image Feed.app/$(BUNDLE_EXECUTABLE_FOLDER_PATH)/Image Feed";
			};
			name = Debug;
		};
		606EBED52E4404F3005090B4 /* Release */ = {
			isa = XCBuildConfiguration;
			buildSettings = {
				ASSETCATALOG_COMPILER_GENERATE_SWIFT_ASSET_SYMBOL_EXTENSIONS = YES;
				BUNDLE_LOADER = "$(TEST_HOST)";
				CLANG_CXX_LANGUAGE_STANDARD = "gnu++20";
				CODE_SIGN_STYLE = Automatic;
				CURRENT_PROJECT_VERSION = 1;
				ENABLE_USER_SCRIPT_SANDBOXING = YES;
				GCC_C_LANGUAGE_STANDARD = gnu17;
				GENERATE_INFOPLIST_FILE = YES;
				IPHONEOS_DEPLOYMENT_TARGET = 18.2;
				LOCALIZATION_PREFERS_STRING_CATALOGS = YES;
				MARKETING_VERSION = 1.0;
				PRODUCT_BUNDLE_IDENTIFIER = "ru.praktikum.Image-Feed.ImagesListViewTest";
				PRODUCT_NAME = "$(TARGET_NAME)";
				SWIFT_EMIT_LOC_STRINGS = NO;
				SWIFT_VERSION = 5.0;
				TARGETED_DEVICE_FAMILY = "1,2";
				TEST_HOST = "$(BUILT_PRODUCTS_DIR)/Image Feed.app/$(BUNDLE_EXECUTABLE_FOLDER_PATH)/Image Feed";
			};
			name = Release;
		};
		6072960F2E43B96D00B9BE31 /* Debug */ = {
			isa = XCBuildConfiguration;
			buildSettings = {
				ASSETCATALOG_COMPILER_GENERATE_SWIFT_ASSET_SYMBOL_EXTENSIONS = YES;
				BUNDLE_LOADER = "$(TEST_HOST)";
				CLANG_CXX_LANGUAGE_STANDARD = "gnu++20";
				CODE_SIGN_STYLE = Automatic;
				CURRENT_PROJECT_VERSION = 1;
				ENABLE_USER_SCRIPT_SANDBOXING = YES;
				GCC_C_LANGUAGE_STANDARD = gnu17;
				GENERATE_INFOPLIST_FILE = YES;
				IPHONEOS_DEPLOYMENT_TARGET = 18.2;
				LOCALIZATION_PREFERS_STRING_CATALOGS = YES;
				MARKETING_VERSION = 1.0;
				PRODUCT_BUNDLE_IDENTIFIER = "ru.praktikum.Image-Feed.Image-FeedTests-P";
				PRODUCT_NAME = "$(TARGET_NAME)";
				SWIFT_ACTIVE_COMPILATION_CONDITIONS = "DEBUG $(inherited)";
				SWIFT_EMIT_LOC_STRINGS = NO;
				SWIFT_VERSION = 5.0;
				TARGETED_DEVICE_FAMILY = "1,2";
				TEST_HOST = "$(BUILT_PRODUCTS_DIR)/Image Feed.app/$(BUNDLE_EXECUTABLE_FOLDER_PATH)/Image Feed";
			};
			name = Debug;
		};
		607296102E43B96D00B9BE31 /* Release */ = {
			isa = XCBuildConfiguration;
			buildSettings = {
				ASSETCATALOG_COMPILER_GENERATE_SWIFT_ASSET_SYMBOL_EXTENSIONS = YES;
				BUNDLE_LOADER = "$(TEST_HOST)";
				CLANG_CXX_LANGUAGE_STANDARD = "gnu++20";
				CODE_SIGN_STYLE = Automatic;
				CURRENT_PROJECT_VERSION = 1;
				ENABLE_USER_SCRIPT_SANDBOXING = YES;
				GCC_C_LANGUAGE_STANDARD = gnu17;
				GENERATE_INFOPLIST_FILE = YES;
				IPHONEOS_DEPLOYMENT_TARGET = 18.2;
				LOCALIZATION_PREFERS_STRING_CATALOGS = YES;
				MARKETING_VERSION = 1.0;
				PRODUCT_BUNDLE_IDENTIFIER = "ru.praktikum.Image-Feed.Image-FeedTests-P";
				PRODUCT_NAME = "$(TARGET_NAME)";
				SWIFT_EMIT_LOC_STRINGS = NO;
				SWIFT_VERSION = 5.0;
				TARGETED_DEVICE_FAMILY = "1,2";
				TEST_HOST = "$(BUILT_PRODUCTS_DIR)/Image Feed.app/$(BUNDLE_EXECUTABLE_FOLDER_PATH)/Image Feed";
			};
			name = Release;
		};
		7D9CFA5128DDEE8000D971A7 /* Debug */ = {
			isa = XCBuildConfiguration;
			buildSettings = {
				ALWAYS_SEARCH_USER_PATHS = NO;
				CLANG_ANALYZER_NONNULL = YES;
				CLANG_ANALYZER_NUMBER_OBJECT_CONVERSION = YES_AGGRESSIVE;
				CLANG_CXX_LANGUAGE_STANDARD = "gnu++17";
				CLANG_ENABLE_MODULES = YES;
				CLANG_ENABLE_OBJC_ARC = YES;
				CLANG_ENABLE_OBJC_WEAK = YES;
				CLANG_WARN_BLOCK_CAPTURE_AUTORELEASING = YES;
				CLANG_WARN_BOOL_CONVERSION = YES;
				CLANG_WARN_COMMA = YES;
				CLANG_WARN_CONSTANT_CONVERSION = YES;
				CLANG_WARN_DEPRECATED_OBJC_IMPLEMENTATIONS = YES;
				CLANG_WARN_DIRECT_OBJC_ISA_USAGE = YES_ERROR;
				CLANG_WARN_DOCUMENTATION_COMMENTS = YES;
				CLANG_WARN_EMPTY_BODY = YES;
				CLANG_WARN_ENUM_CONVERSION = YES;
				CLANG_WARN_INFINITE_RECURSION = YES;
				CLANG_WARN_INT_CONVERSION = YES;
				CLANG_WARN_NON_LITERAL_NULL_CONVERSION = YES;
				CLANG_WARN_OBJC_IMPLICIT_RETAIN_SELF = YES;
				CLANG_WARN_OBJC_LITERAL_CONVERSION = YES;
				CLANG_WARN_OBJC_ROOT_CLASS = YES_ERROR;
				CLANG_WARN_QUOTED_INCLUDE_IN_FRAMEWORK_HEADER = YES;
				CLANG_WARN_RANGE_LOOP_ANALYSIS = YES;
				CLANG_WARN_STRICT_PROTOTYPES = YES;
				CLANG_WARN_SUSPICIOUS_MOVE = YES;
				CLANG_WARN_UNGUARDED_AVAILABILITY = YES_AGGRESSIVE;
				CLANG_WARN_UNREACHABLE_CODE = YES;
				CLANG_WARN__DUPLICATE_METHOD_MATCH = YES;
				COPY_PHASE_STRIP = NO;
				DEBUG_INFORMATION_FORMAT = dwarf;
				ENABLE_STRICT_OBJC_MSGSEND = YES;
				ENABLE_TESTABILITY = YES;
				GCC_C_LANGUAGE_STANDARD = gnu11;
				GCC_DYNAMIC_NO_PIC = NO;
				GCC_NO_COMMON_BLOCKS = YES;
				GCC_OPTIMIZATION_LEVEL = 0;
				GCC_PREPROCESSOR_DEFINITIONS = (
					"DEBUG=1",
					"$(inherited)",
				);
				GCC_WARN_64_TO_32_BIT_CONVERSION = YES;
				GCC_WARN_ABOUT_RETURN_TYPE = YES_ERROR;
				GCC_WARN_UNDECLARED_SELECTOR = YES;
				GCC_WARN_UNINITIALIZED_AUTOS = YES_AGGRESSIVE;
				GCC_WARN_UNUSED_FUNCTION = YES;
				GCC_WARN_UNUSED_VARIABLE = YES;
				IPHONEOS_DEPLOYMENT_TARGET = 13.0;
				MTL_ENABLE_DEBUG_INFO = INCLUDE_SOURCE;
				MTL_FAST_MATH = YES;
				ONLY_ACTIVE_ARCH = YES;
				SDKROOT = iphoneos;
				SWIFT_ACTIVE_COMPILATION_CONDITIONS = DEBUG;
				SWIFT_OPTIMIZATION_LEVEL = "-Onone";
			};
			name = Debug;
		};
		7D9CFA5228DDEE8000D971A7 /* Release */ = {
			isa = XCBuildConfiguration;
			buildSettings = {
				ALWAYS_SEARCH_USER_PATHS = NO;
				CLANG_ANALYZER_NONNULL = YES;
				CLANG_ANALYZER_NUMBER_OBJECT_CONVERSION = YES_AGGRESSIVE;
				CLANG_CXX_LANGUAGE_STANDARD = "gnu++17";
				CLANG_ENABLE_MODULES = YES;
				CLANG_ENABLE_OBJC_ARC = YES;
				CLANG_ENABLE_OBJC_WEAK = YES;
				CLANG_WARN_BLOCK_CAPTURE_AUTORELEASING = YES;
				CLANG_WARN_BOOL_CONVERSION = YES;
				CLANG_WARN_COMMA = YES;
				CLANG_WARN_CONSTANT_CONVERSION = YES;
				CLANG_WARN_DEPRECATED_OBJC_IMPLEMENTATIONS = YES;
				CLANG_WARN_DIRECT_OBJC_ISA_USAGE = YES_ERROR;
				CLANG_WARN_DOCUMENTATION_COMMENTS = YES;
				CLANG_WARN_EMPTY_BODY = YES;
				CLANG_WARN_ENUM_CONVERSION = YES;
				CLANG_WARN_INFINITE_RECURSION = YES;
				CLANG_WARN_INT_CONVERSION = YES;
				CLANG_WARN_NON_LITERAL_NULL_CONVERSION = YES;
				CLANG_WARN_OBJC_IMPLICIT_RETAIN_SELF = YES;
				CLANG_WARN_OBJC_LITERAL_CONVERSION = YES;
				CLANG_WARN_OBJC_ROOT_CLASS = YES_ERROR;
				CLANG_WARN_QUOTED_INCLUDE_IN_FRAMEWORK_HEADER = YES;
				CLANG_WARN_RANGE_LOOP_ANALYSIS = YES;
				CLANG_WARN_STRICT_PROTOTYPES = YES;
				CLANG_WARN_SUSPICIOUS_MOVE = YES;
				CLANG_WARN_UNGUARDED_AVAILABILITY = YES_AGGRESSIVE;
				CLANG_WARN_UNREACHABLE_CODE = YES;
				CLANG_WARN__DUPLICATE_METHOD_MATCH = YES;
				COPY_PHASE_STRIP = NO;
				DEBUG_INFORMATION_FORMAT = "dwarf-with-dsym";
				ENABLE_NS_ASSERTIONS = NO;
				ENABLE_STRICT_OBJC_MSGSEND = YES;
				GCC_C_LANGUAGE_STANDARD = gnu11;
				GCC_NO_COMMON_BLOCKS = YES;
				GCC_WARN_64_TO_32_BIT_CONVERSION = YES;
				GCC_WARN_ABOUT_RETURN_TYPE = YES_ERROR;
				GCC_WARN_UNDECLARED_SELECTOR = YES;
				GCC_WARN_UNINITIALIZED_AUTOS = YES_AGGRESSIVE;
				GCC_WARN_UNUSED_FUNCTION = YES;
				GCC_WARN_UNUSED_VARIABLE = YES;
				IPHONEOS_DEPLOYMENT_TARGET = 13.0;
				MTL_ENABLE_DEBUG_INFO = NO;
				MTL_FAST_MATH = YES;
				SDKROOT = iphoneos;
				SWIFT_COMPILATION_MODE = wholemodule;
				SWIFT_OPTIMIZATION_LEVEL = "-O";
				VALIDATE_PRODUCT = YES;
			};
			name = Release;
		};
		7D9CFA5428DDEE8000D971A7 /* Debug */ = {
			isa = XCBuildConfiguration;
			buildSettings = {
				ASSETCATALOG_COMPILER_APPICON_NAME = AppIcon;
				ASSETCATALOG_COMPILER_GLOBAL_ACCENT_COLOR_NAME = AccentColor;
				CODE_SIGN_STYLE = Automatic;
				CURRENT_PROJECT_VERSION = 1;
				DEVELOPMENT_TEAM = "";
				GENERATE_INFOPLIST_FILE = YES;
				INFOPLIST_FILE = "Image Feed/Info.plist";
				INFOPLIST_KEY_UIApplicationSupportsIndirectInputEvents = YES;
				INFOPLIST_KEY_UILaunchStoryboardName = LaunchScreen;
				INFOPLIST_KEY_UIMainStoryboardFile = Main;
				INFOPLIST_KEY_UISupportedInterfaceOrientations = UIInterfaceOrientationPortrait;
				INFOPLIST_KEY_UISupportedInterfaceOrientations_iPad = "UIInterfaceOrientationPortrait UIInterfaceOrientationPortraitUpsideDown UIInterfaceOrientationLandscapeLeft UIInterfaceOrientationLandscapeRight";
				INFOPLIST_KEY_UISupportedInterfaceOrientations_iPhone = UIInterfaceOrientationPortrait;
				LD_RUNPATH_SEARCH_PATHS = (
					"$(inherited)",
					"@executable_path/Frameworks",
				);
				MARKETING_VERSION = 1.0;
				PRODUCT_BUNDLE_IDENTIFIER = "ru.praktikum.Image-Feed";
				PRODUCT_NAME = "$(TARGET_NAME)";
				SWIFT_EMIT_LOC_STRINGS = YES;
				SWIFT_VERSION = 5.0;
				TARGETED_DEVICE_FAMILY = 1;
			};
			name = Debug;
		};
		7D9CFA5528DDEE8000D971A7 /* Release */ = {
			isa = XCBuildConfiguration;
			buildSettings = {
				ASSETCATALOG_COMPILER_APPICON_NAME = AppIcon;
				ASSETCATALOG_COMPILER_GLOBAL_ACCENT_COLOR_NAME = AccentColor;
				CODE_SIGN_STYLE = Automatic;
				CURRENT_PROJECT_VERSION = 1;
				DEVELOPMENT_TEAM = "";
				GENERATE_INFOPLIST_FILE = YES;
				INFOPLIST_FILE = "Image Feed/Info.plist";
				INFOPLIST_KEY_UIApplicationSupportsIndirectInputEvents = YES;
				INFOPLIST_KEY_UILaunchStoryboardName = LaunchScreen;
				INFOPLIST_KEY_UIMainStoryboardFile = Main;
				INFOPLIST_KEY_UISupportedInterfaceOrientations = UIInterfaceOrientationPortrait;
				INFOPLIST_KEY_UISupportedInterfaceOrientations_iPad = "UIInterfaceOrientationPortrait UIInterfaceOrientationPortraitUpsideDown UIInterfaceOrientationLandscapeLeft UIInterfaceOrientationLandscapeRight";
				INFOPLIST_KEY_UISupportedInterfaceOrientations_iPhone = UIInterfaceOrientationPortrait;
				LD_RUNPATH_SEARCH_PATHS = (
					"$(inherited)",
					"@executable_path/Frameworks",
				);
				MARKETING_VERSION = 1.0;
				PRODUCT_BUNDLE_IDENTIFIER = "ru.praktikum.Image-Feed";
				PRODUCT_NAME = "$(TARGET_NAME)";
				SWIFT_EMIT_LOC_STRINGS = YES;
				SWIFT_VERSION = 5.0;
				TARGETED_DEVICE_FAMILY = 1;
			};
			name = Release;
		};
/* End XCBuildConfiguration section */

/* Begin XCConfigurationList section */
		6031AA332E4172710034DEEF /* Build configuration list for PBXNativeTarget "Image FeedUITests" */ = {
			isa = XCConfigurationList;
			buildConfigurations = (
				6031AA342E4172710034DEEF /* Debug */,
				6031AA352E4172710034DEEF /* Release */,
			);
			defaultConfigurationIsVisible = 0;
			defaultConfigurationName = Release;
		};
		603E5E942E3D6F950016D28C /* Build configuration list for PBXNativeTarget "Image FeedTests" */ = {
			isa = XCConfigurationList;
			buildConfigurations = (
				603E5E952E3D6F950016D28C /* Debug */,
				603E5E962E3D6F950016D28C /* Release */,
			);
			defaultConfigurationIsVisible = 0;
			defaultConfigurationName = Release;
		};
		606EBED32E4404F3005090B4 /* Build configuration list for PBXNativeTarget "ImagesListViewTest" */ = {
			isa = XCConfigurationList;
			buildConfigurations = (
				606EBED42E4404F3005090B4 /* Debug */,
				606EBED52E4404F3005090B4 /* Release */,
			);
			defaultConfigurationIsVisible = 0;
			defaultConfigurationName = Release;
		};
		6072960E2E43B96D00B9BE31 /* Build configuration list for PBXNativeTarget "Image FeedTests P" */ = {
			isa = XCConfigurationList;
			buildConfigurations = (
				6072960F2E43B96D00B9BE31 /* Debug */,
				607296102E43B96D00B9BE31 /* Release */,
			);
			defaultConfigurationIsVisible = 0;
			defaultConfigurationName = Release;
		};
		7D9CFA3A28DDEE7F00D971A7 /* Build configuration list for PBXProject "Image Feed" */ = {
			isa = XCConfigurationList;
			buildConfigurations = (
				7D9CFA5128DDEE8000D971A7 /* Debug */,
				7D9CFA5228DDEE8000D971A7 /* Release */,
			);
			defaultConfigurationIsVisible = 0;
			defaultConfigurationName = Release;
		};
		7D9CFA5328DDEE8000D971A7 /* Build configuration list for PBXNativeTarget "Image Feed" */ = {
			isa = XCConfigurationList;
			buildConfigurations = (
				7D9CFA5428DDEE8000D971A7 /* Debug */,
				7D9CFA5528DDEE8000D971A7 /* Release */,
			);
			defaultConfigurationIsVisible = 0;
			defaultConfigurationName = Release;
		};
/* End XCConfigurationList section */

/* Begin XCRemoteSwiftPackageReference section */
		6044319D2DD94030002B8720 /* XCRemoteSwiftPackageReference "ProgressHUD" */ = {
			isa = XCRemoteSwiftPackageReference;
			repositoryURL = "https://github.com/relatedcode/ProgressHUD";
			requirement = {
				kind = upToNextMajorVersion;
				minimumVersion = 14.1.3;
			};
		};
		60457AF82DF788AF0078682E /* XCRemoteSwiftPackageReference "Kingfisher" */ = {
			isa = XCRemoteSwiftPackageReference;
			repositoryURL = "https://github.com/onevcat/Kingfisher";
			requirement = {
				kind = upToNextMajorVersion;
				minimumVersion = 8.3.2;
			};
		};
		60457AFB2DF78A4B0078682E /* XCRemoteSwiftPackageReference "SwiftKeychainWrapper" */ = {
			isa = XCRemoteSwiftPackageReference;
			repositoryURL = "https://github.com/jrendel/SwiftKeychainWrapper";
			requirement = {
				kind = upToNextMajorVersion;
				minimumVersion = 4.0.1;
			};
		};
/* End XCRemoteSwiftPackageReference section */

/* Begin XCSwiftPackageProductDependency section */
		6044319E2DD94030002B8720 /* ProgressHUD */ = {
			isa = XCSwiftPackageProductDependency;
			package = 6044319D2DD94030002B8720 /* XCRemoteSwiftPackageReference "ProgressHUD" */;
			productName = ProgressHUD;
		};
		60457AF92DF788AF0078682E /* Kingfisher */ = {
			isa = XCSwiftPackageProductDependency;
			package = 60457AF82DF788AF0078682E /* XCRemoteSwiftPackageReference "Kingfisher" */;
			productName = Kingfisher;
		};
		60457AFC2DF78A4B0078682E /* SwiftKeychainWrapper */ = {
			isa = XCSwiftPackageProductDependency;
			package = 60457AFB2DF78A4B0078682E /* XCRemoteSwiftPackageReference "SwiftKeychainWrapper" */;
			productName = SwiftKeychainWrapper;
		};
		60BC1CBF2E14987F001A6CE7 /* Kingfisher */ = {
			isa = XCSwiftPackageProductDependency;
			package = 60457AF82DF788AF0078682E /* XCRemoteSwiftPackageReference "Kingfisher" */;
			productName = Kingfisher;
		};
/* End XCSwiftPackageProductDependency section */
	};
	rootObject = 7D9CFA3728DDEE7F00D971A7 /* Project object */;
}
